
Microsoft Visual Studio Solution File, Format Version 12.00
# Visual Studio Version 17
VisualStudioVersion = 17.13.35931.197 d17.13
MinimumVisualStudioVersion = 10.0.40219.1
Project("{FAE04EC0-301F-11D3-BF4B-00C04F79EFBC}") = "gastao_Biblioteca", "gastao_Biblioteca\gastao_Biblioteca.csproj", "{8127EF53-902F-4773-9B4C-B901C1FB1FE7}"
EndProject
Global
	GlobalSection(SolutionConfigurationPlatforms) = preSolution
		Debug|Any CPU = Debug|Any CPU
		Release|Any CPU = Release|Any CPU
	EndGlobalSection
	GlobalSection(ProjectConfigurationPlatforms) = postSolution
		{8127EF53-902F-4773-9B4C-B901C1FB1FE7}.Debug|Any CPU.ActiveCfg = Debug|Any CPU
		{8127EF53-902F-4773-9B4C-B901C1FB1FE7}.Debug|Any CPU.Build.0 = Debug|Any CPU
		{8127EF53-902F-4773-9B4C-B901C1FB1FE7}.Release|Any CPU.ActiveCfg = Release|Any CPU
		{8127EF53-902F-4773-9B4C-B901C1FB1FE7}.Release|Any CPU.Build.0 = Release|Any CPU
	EndGlobalSection
	GlobalSection(SolutionProperties) = preSolution
		HideSolutionNode = FALSE
	EndGlobalSection
	GlobalSection(ExtensibilityGlobals) = postSolution
		SolutionGuid = {43C62305-0B3A-442D-A591-9F238BBF6B26}
	EndGlobalSection
EndGlobal
